<?xml version="1.0" encoding="utf-8"?>
<Project ToolsVersion="4.0" xmlns="http://schemas.microsoft.com/developer/msbuild/2003">
  <ItemGroup>
    <Filter Include="Source Files">
      <UniqueIdentifier>{4FC737F1-C7A5-4376-A066-2A32D752A2FF}</UniqueIdentifier>
      <Extensions>cpp;c;cc;cxx;c++;cppm;ixx;def;odl;idl;hpj;bat;asm;asmx</Extensions>
    </Filter>
    <Filter Include="Header Files">
      <UniqueIdentifier>{93995380-89BD-4b04-88EB-625FBE52EBFB}</UniqueIdentifier>
      <Extensions>h;hh;hpp;hxx;h++;hm;inl;inc;ipp;xsd</Extensions>
    </Filter>
    <Filter Include="Resource Files">
      <UniqueIdentifier>{67DA6AB6-F800-4c08-8B7A-83BB121AAD01}</UniqueIdentifier>
      <Extensions>rc;ico;cur;bmp;dlg;rc2;rct;bin;rgs;gif;jpg;jpeg;jpe;resx;tiff;tif;png;wav;mfcribbon-ms</Extensions>
    </Filter>
  </ItemGroup>
  <ItemGroup>
    <ClInclude Include="framework.h">
      <Filter>Header Files</Filter>
    </ClInclude>
    <ClInclude Include="pch.h">
      <Filter>Header Files</Filter>
    </ClInclude>
    <ClInclude Include="addin_driver.h">
      <Filter>Header Files</Filter>
    </ClInclude>
    <ClInclude Include="common_main.h">
      <Filter>Header Files</Filter>
    </ClInclude>
    <ClInclude Include="common_types.h">
      <Filter>Header Files</Filter>
    </ClInclude>
    <ClInclude Include="driver_pos_terminal.h">
      <Filter>Header Files</Filter>
    </ClInclude>
    <ClInclude Include="interface_addin_base.h">
      <Filter>Header Files</Filter>
    </ClInclude>
    <ClInclude Include="interface_driver_base.h">
      <Filter>Header Files</Filter>
    </ClInclude>
    <ClInclude Include="interface_pos_terminal.h">
      <Filter>Header Files</Filter>
    </ClInclude>
    <ClInclude Include="localization_manager.h">
      <Filter>Header Files</Filter>
    </ClInclude>
    <ClInclude Include="logger.h">
      <Filter>Header Files</Filter>
    </ClInclude>
    <ClInclude Include="string_conversion.h">
      <Filter>Header Files</Filter>
    </ClInclude>
    <ClInclude Include="sys_utils.h">
      <Filter>Header Files</Filter>
    </ClInclude>
    <ClInclude Include="interface_connection.h">
      <Filter>Header Files</Filter>
    </ClInclude>
    <ClInclude Include="setting_driver_pos.h">
      <Filter>Header Files</Filter>
    </ClInclude>
    <ClInclude Include="define_driver.h">
      <Filter>Header Files</Filter>
    </ClInclude>
    <ClInclude Include="storage_manager.h">
      <Filter>Header Files</Filter>
    </ClInclude>
    <ClInclude Include="license_manager.h">
      <Filter>Header Files</Filter>
    </ClInclude>
  </ItemGroup>
  <ItemGroup>
    <ClCompile Include="dllmain.cpp">
      <Filter>Source Files</Filter>
    </ClCompile>
    <ClCompile Include="pch.cpp">
      <Filter>Source Files</Filter>
    </ClCompile>
    <ClCompile Include="addin_driver.cpp">
      <Filter>Source Files</Filter>
    </ClCompile>
    <ClCompile Include="common_main.cpp">
      <Filter>Source Files</Filter>
    </ClCompile>
    <ClCompile Include="driver_pos_terminal.cpp">
      <Filter>Source Files</Filter>
    </ClCompile>
    <ClCompile Include="interface_driver_base.cpp">
      <Filter>Source Files</Filter>
    </ClCompile>
    <ClCompile Include="localization_manager.cpp">
      <Filter>Source Files</Filter>
    </ClCompile>
    <ClCompile Include="logger.cpp">
      <Filter>Source Files</Filter>
    </ClCompile>
    <ClCompile Include="string_conversion.cpp">
      <Filter>Source Files</Filter>
    </ClCompile>
    <ClCompile Include="sys_utils.cpp">
      <Filter>Source Files</Filter>
    </ClCompile>
    <ClCompile Include="interface_connection.cpp">
      <Filter>Source Files</Filter>
    </ClCompile>
    <ClCompile Include="setting_driver_pos.cpp">
      <Filter>Source Files</Filter>
    </ClCompile>
    <ClCompile Include="common_types.cpp">
      <Filter>Source Files</Filter>
    </ClCompile>
    <ClCompile Include="storage_manager.cpp">
      <Filter>Source Files</Filter>
    </ClCompile>
    <ClCompile Include="license_manager.cpp">
      <Filter>Source Files</Filter>
    </ClCompile>
  </ItemGroup>
</Project>